
Microsoft Visual Studio Solution File, Format Version 12.00
# Visual Studio 14
VisualStudioVersion = 14.0.25420.1
MinimumVisualStudioVersion = 10.0.40219.1
Project("{FAE04EC0-301F-11D3-BF4B-00C04F79EFBC}") = "Fabrikam_Food", "Fabrikam_Food\Fabrikam_Food\Fabrikam_Food.csproj", "{5F09632F-AB78-419A-AA36-B824D3125667}"
EndProject
Project("{FAE04EC0-301F-11D3-BF4B-00C04F79EFBC}") = "Fabrikam_Food.Droid", "Fabrikam_Food\Fabrikam_Food.Droid\Fabrikam_Food.Droid.csproj", "{D9159B9B-335E-4DF7-86A2-A02DBE40B0FD}"
EndProject
Project("{FAE04EC0-301F-11D3-BF4B-00C04F79EFBC}") = "Fabrikam_Food.iOS", "Fabrikam_Food\Fabrikam_Food.iOS\Fabrikam_Food.iOS.csproj", "{ACC504AB-8096-47D5-9510-CCF877CA0292}"
EndProject
Global
	GlobalSection(SolutionConfigurationPlatforms) = preSolution
		Ad-Hoc|Any CPU = Ad-Hoc|Any CPU
		Ad-Hoc|ARM = Ad-Hoc|ARM
		Ad-Hoc|iPhone = Ad-Hoc|iPhone
		Ad-Hoc|iPhoneSimulator = Ad-Hoc|iPhoneSimulator
		Ad-Hoc|x64 = Ad-Hoc|x64
		Ad-Hoc|x86 = Ad-Hoc|x86
		AppStore|Any CPU = AppStore|Any CPU
		AppStore|ARM = AppStore|ARM
		AppStore|iPhone = AppStore|iPhone
		AppStore|iPhoneSimulator = AppStore|iPhoneSimulator
		AppStore|x64 = AppStore|x64
		AppStore|x86 = AppStore|x86
		Debug|Any CPU = Debug|Any CPU
		Debug|ARM = Debug|ARM
		Debug|iPhone = Debug|iPhone
		Debug|iPhoneSimulator = Debug|iPhoneSimulator
		Debug|x64 = Debug|x64
		Debug|x86 = Debug|x86
		Release|Any CPU = Release|Any CPU
		Release|ARM = Release|ARM
		Release|iPhone = Release|iPhone
		Release|iPhoneSimulator = Release|iPhoneSimulator
		Release|x64 = Release|x64
		Release|x86 = Release|x86
	EndGlobalSection
	GlobalSection(ProjectConfigurationPlatforms) = postSolution
		{5F09632F-AB78-419A-AA36-B824D3125667}.Ad-Hoc|Any CPU.ActiveCfg = Release|Any CPU
		{5F09632F-AB78-419A-AA36-B824D3125667}.Ad-Hoc|Any CPU.Build.0 = Release|Any CPU
		{5F09632F-AB78-419A-AA36-B824D3125667}.Ad-Hoc|ARM.ActiveCfg = Release|Any CPU
		{5F09632F-AB78-419A-AA36-B824D3125667}.Ad-Hoc|ARM.Build.0 = Release|Any CPU
		{5F09632F-AB78-419A-AA36-B824D3125667}.Ad-Hoc|iPhone.ActiveCfg = Release|Any CPU
		{5F09632F-AB78-419A-AA36-B824D3125667}.Ad-Hoc|iPhone.Build.0 = Release|Any CPU
		{5F09632F-AB78-419A-AA36-B824D3125667}.Ad-Hoc|iPhoneSimulator.ActiveCfg = Release|Any CPU
		{5F09632F-AB78-419A-AA36-B824D3125667}.Ad-Hoc|iPhoneSimulator.Build.0 = Release|Any CPU
		{5F09632F-AB78-419A-AA36-B824D3125667}.Ad-Hoc|x64.ActiveCfg = Release|Any CPU
		{5F09632F-AB78-419A-AA36-B824D3125667}.Ad-Hoc|x64.Build.0 = Release|Any CPU
		{5F09632F-AB78-419A-AA36-B824D3125667}.Ad-Hoc|x86.ActiveCfg = Release|Any CPU
		{5F09632F-AB78-419A-AA36-B824D3125667}.Ad-Hoc|x86.Build.0 = Release|Any CPU
		{5F09632F-AB78-419A-AA36-B824D3125667}.AppStore|Any CPU.ActiveCfg = Release|Any CPU
		{5F09632F-AB78-419A-AA36-B824D3125667}.AppStore|Any CPU.Build.0 = Release|Any CPU
		{5F09632F-AB78-419A-AA36-B824D3125667}.AppStore|ARM.ActiveCfg = Release|Any CPU
		{5F09632F-AB78-419A-AA36-B824D3125667}.AppStore|ARM.Build.0 = Release|Any CPU
		{5F09632F-AB78-419A-AA36-B824D3125667}.AppStore|iPhone.ActiveCfg = Release|Any CPU
		{5F09632F-AB78-419A-AA36-B824D3125667}.AppStore|iPhone.Build.0 = Release|Any CPU
		{5F09632F-AB78-419A-AA36-B824D3125667}.AppStore|iPhoneSimulator.ActiveCfg = Release|Any CPU
		{5F09632F-AB78-419A-AA36-B824D3125667}.AppStore|iPhoneSimulator.Build.0 = Release|Any CPU
		{5F09632F-AB78-419A-AA36-B824D3125667}.AppStore|x64.ActiveCfg = Release|Any CPU
		{5F09632F-AB78-419A-AA36-B824D3125667}.AppStore|x64.Build.0 = Release|Any CPU
		{5F09632F-AB78-419A-AA36-B824D3125667}.AppStore|x86.ActiveCfg = Release|Any CPU
		{5F09632F-AB78-419A-AA36-B824D3125667}.AppStore|x86.Build.0 = Release|Any CPU
		{5F09632F-AB78-419A-AA36-B824D3125667}.Debug|Any CPU.ActiveCfg = Debug|Any CPU
		{5F09632F-AB78-419A-AA36-B824D3125667}.Debug|Any CPU.Build.0 = Debug|Any CPU
		{5F09632F-AB78-419A-AA36-B824D3125667}.Debug|ARM.ActiveCfg = Debug|Any CPU
		{5F09632F-AB78-419A-AA36-B824D3125667}.Debug|ARM.Build.0 = Debug|Any CPU
		{5F09632F-AB78-419A-AA36-B824D3125667}.Debug|iPhone.ActiveCfg = Debug|Any CPU
		{5F09632F-AB78-419A-AA36-B824D3125667}.Debug|iPhone.Build.0 = Debug|Any CPU
		{5F09632F-AB78-419A-AA36-B824D3125667}.Debug|iPhoneSimulator.ActiveCfg = Debug|Any CPU
		{5F09632F-AB78-419A-AA36-B824D3125667}.Debug|iPhoneSimulator.Build.0 = Debug|Any CPU
		{5F09632F-AB78-419A-AA36-B824D3125667}.Debug|x64.ActiveCfg = Debug|Any CPU
		{5F09632F-AB78-419A-AA36-B824D3125667}.Debug|x64.Build.0 = Debug|Any CPU
		{5F09632F-AB78-419A-AA36-B824D3125667}.Debug|x86.ActiveCfg = Debug|Any CPU
		{5F09632F-AB78-419A-AA36-B824D3125667}.Debug|x86.Build.0 = Debug|Any CPU
		{5F09632F-AB78-419A-AA36-B824D3125667}.Release|Any CPU.ActiveCfg = Release|Any CPU
		{5F09632F-AB78-419A-AA36-B824D3125667}.Release|Any CPU.Build.0 = Release|Any CPU
		{5F09632F-AB78-419A-AA36-B824D3125667}.Release|ARM.ActiveCfg = Release|Any CPU
		{5F09632F-AB78-419A-AA36-B824D3125667}.Release|ARM.Build.0 = Release|Any CPU
		{5F09632F-AB78-419A-AA36-B824D3125667}.Release|iPhone.ActiveCfg = Release|Any CPU
		{5F09632F-AB78-419A-AA36-B824D3125667}.Release|iPhone.Build.0 = Release|Any CPU
		{5F09632F-AB78-419A-AA36-B824D3125667}.Release|iPhoneSimulator.ActiveCfg = Release|Any CPU
		{5F09632F-AB78-419A-AA36-B824D3125667}.Release|iPhoneSimulator.Build.0 = Release|Any CPU
		{5F09632F-AB78-419A-AA36-B824D3125667}.Release|x64.ActiveCfg = Release|Any CPU
		{5F09632F-AB78-419A-AA36-B824D3125667}.Release|x64.Build.0 = Release|Any CPU
		{5F09632F-AB78-419A-AA36-B824D3125667}.Release|x86.ActiveCfg = Release|Any CPU
		{5F09632F-AB78-419A-AA36-B824D3125667}.Release|x86.Build.0 = Release|Any CPU
		{D9159B9B-335E-4DF7-86A2-A02DBE40B0FD}.Ad-Hoc|Any CPU.ActiveCfg = Release|Any CPU
		{D9159B9B-335E-4DF7-86A2-A02DBE40B0FD}.Ad-Hoc|Any CPU.Build.0 = Release|Any CPU
		{D9159B9B-335E-4DF7-86A2-A02DBE40B0FD}.Ad-Hoc|Any CPU.Deploy.0 = Release|Any CPU
		{D9159B9B-335E-4DF7-86A2-A02DBE40B0FD}.Ad-Hoc|ARM.ActiveCfg = Release|Any CPU
		{D9159B9B-335E-4DF7-86A2-A02DBE40B0FD}.Ad-Hoc|ARM.Build.0 = Release|Any CPU
		{D9159B9B-335E-4DF7-86A2-A02DBE40B0FD}.Ad-Hoc|ARM.Deploy.0 = Release|Any CPU
		{D9159B9B-335E-4DF7-86A2-A02DBE40B0FD}.Ad-Hoc|iPhone.ActiveCfg = Release|Any CPU
		{D9159B9B-335E-4DF7-86A2-A02DBE40B0FD}.Ad-Hoc|iPhone.Build.0 = Release|Any CPU
		{D9159B9B-335E-4DF7-86A2-A02DBE40B0FD}.Ad-Hoc|iPhone.Deploy.0 = Release|Any CPU
		{D9159B9B-335E-4DF7-86A2-A02DBE40B0FD}.Ad-Hoc|iPhoneSimulator.ActiveCfg = Release|Any CPU
		{D9159B9B-335E-4DF7-86A2-A02DBE40B0FD}.Ad-Hoc|iPhoneSimulator.Build.0 = Release|Any CPU
		{D9159B9B-335E-4DF7-86A2-A02DBE40B0FD}.Ad-Hoc|iPhoneSimulator.Deploy.0 = Release|Any CPU
		{D9159B9B-335E-4DF7-86A2-A02DBE40B0FD}.Ad-Hoc|x64.ActiveCfg = Release|Any CPU
		{D9159B9B-335E-4DF7-86A2-A02DBE40B0FD}.Ad-Hoc|x64.Build.0 = Release|Any CPU
		{D9159B9B-335E-4DF7-86A2-A02DBE40B0FD}.Ad-Hoc|x64.Deploy.0 = Release|Any CPU
		{D9159B9B-335E-4DF7-86A2-A02DBE40B0FD}.Ad-Hoc|x86.ActiveCfg = Release|Any CPU
		{D9159B9B-335E-4DF7-86A2-A02DBE40B0FD}.Ad-Hoc|x86.Build.0 = Release|Any CPU
		{D9159B9B-335E-4DF7-86A2-A02DBE40B0FD}.Ad-Hoc|x86.Deploy.0 = Release|Any CPU
		{D9159B9B-335E-4DF7-86A2-A02DBE40B0FD}.AppStore|Any CPU.ActiveCfg = Release|Any CPU
		{D9159B9B-335E-4DF7-86A2-A02DBE40B0FD}.AppStore|Any CPU.Build.0 = Release|Any CPU
		{D9159B9B-335E-4DF7-86A2-A02DBE40B0FD}.AppStore|Any CPU.Deploy.0 = Release|Any CPU
		{D9159B9B-335E-4DF7-86A2-A02DBE40B0FD}.AppStore|ARM.ActiveCfg = Release|Any CPU
		{D9159B9B-335E-4DF7-86A2-A02DBE40B0FD}.AppStore|ARM.Build.0 = Release|Any CPU
		{D9159B9B-335E-4DF7-86A2-A02DBE40B0FD}.AppStore|ARM.Deploy.0 = Release|Any CPU
		{D9159B9B-335E-4DF7-86A2-A02DBE40B0FD}.AppStore|iPhone.ActiveCfg = Release|Any CPU
		{D9159B9B-335E-4DF7-86A2-A02DBE40B0FD}.AppStore|iPhone.Build.0 = Release|Any CPU
		{D9159B9B-335E-4DF7-86A2-A02DBE40B0FD}.AppStore|iPhone.Deploy.0 = Release|Any CPU
		{D9159B9B-335E-4DF7-86A2-A02DBE40B0FD}.AppStore|iPhoneSimulator.ActiveCfg = Release|Any CPU
		{D9159B9B-335E-4DF7-86A2-A02DBE40B0FD}.AppStore|iPhoneSimulator.Build.0 = Release|Any CPU
		{D9159B9B-335E-4DF7-86A2-A02DBE40B0FD}.AppStore|iPhoneSimulator.Deploy.0 = Release|Any CPU
		{D9159B9B-335E-4DF7-86A2-A02DBE40B0FD}.AppStore|x64.ActiveCfg = Release|Any CPU
		{D9159B9B-335E-4DF7-86A2-A02DBE40B0FD}.AppStore|x64.Build.0 = Release|Any CPU
		{D9159B9B-335E-4DF7-86A2-A02DBE40B0FD}.AppStore|x64.Deploy.0 = Release|Any CPU
		{D9159B9B-335E-4DF7-86A2-A02DBE40B0FD}.AppStore|x86.ActiveCfg = Release|Any CPU
		{D9159B9B-335E-4DF7-86A2-A02DBE40B0FD}.AppStore|x86.Build.0 = Release|Any CPU
		{D9159B9B-335E-4DF7-86A2-A02DBE40B0FD}.AppStore|x86.Deploy.0 = Release|Any CPU
		{D9159B9B-335E-4DF7-86A2-A02DBE40B0FD}.Debug|Any CPU.ActiveCfg = Debug|Any CPU
		{D9159B9B-335E-4DF7-86A2-A02DBE40B0FD}.Debug|Any CPU.Build.0 = Debug|Any CPU
		{D9159B9B-335E-4DF7-86A2-A02DBE40B0FD}.Debug|Any CPU.Deploy.0 = Debug|Any CPU
		{D9159B9B-335E-4DF7-86A2-A02DBE40B0FD}.Debug|ARM.ActiveCfg = Debug|Any CPU
		{D9159B9B-335E-4DF7-86A2-A02DBE40B0FD}.Debug|ARM.Build.0 = Debug|Any CPU
		{D9159B9B-335E-4DF7-86A2-A02DBE40B0FD}.Debug|ARM.Deploy.0 = Debug|Any CPU
		{D9159B9B-335E-4DF7-86A2-A02DBE40B0FD}.Debug|iPhone.ActiveCfg = Debug|Any CPU
		{D9159B9B-335E-4DF7-86A2-A02DBE40B0FD}.Debug|iPhone.Build.0 = Debug|Any CPU
		{D9159B9B-335E-4DF7-86A2-A02DBE40B0FD}.Debug|iPhone.Deploy.0 = Debug|Any CPU
		{D9159B9B-335E-4DF7-86A2-A02DBE40B0FD}.Debug|iPhoneSimulator.ActiveCfg = Debug|Any CPU
		{D9159B9B-335E-4DF7-86A2-A02DBE40B0FD}.Debug|iPhoneSimulator.Build.0 = Debug|Any CPU
		{D9159B9B-335E-4DF7-86A2-A02DBE40B0FD}.Debug|iPhoneSimulator.Deploy.0 = Debug|Any CPU
		{D9159B9B-335E-4DF7-86A2-A02DBE40B0FD}.Debug|x64.ActiveCfg = Debug|Any CPU
		{D9159B9B-335E-4DF7-86A2-A02DBE40B0FD}.Debug|x64.Build.0 = Debug|Any CPU
		{D9159B9B-335E-4DF7-86A2-A02DBE40B0FD}.Debug|x64.Deploy.0 = Debug|Any CPU
		{D9159B9B-335E-4DF7-86A2-A02DBE40B0FD}.Debug|x86.ActiveCfg = Debug|Any CPU
		{D9159B9B-335E-4DF7-86A2-A02DBE40B0FD}.Debug|x86.Build.0 = Debug|Any CPU
		{D9159B9B-335E-4DF7-86A2-A02DBE40B0FD}.Debug|x86.Deploy.0 = Debug|Any CPU
		{D9159B9B-335E-4DF7-86A2-A02DBE40B0FD}.Release|Any CPU.ActiveCfg = Release|Any CPU
		{D9159B9B-335E-4DF7-86A2-A02DBE40B0FD}.Release|Any CPU.Build.0 = Release|Any CPU
		{D9159B9B-335E-4DF7-86A2-A02DBE40B0FD}.Release|Any CPU.Deploy.0 = Release|Any CPU
		{D9159B9B-335E-4DF7-86A2-A02DBE40B0FD}.Release|ARM.ActiveCfg = Release|Any CPU
		{D9159B9B-335E-4DF7-86A2-A02DBE40B0FD}.Release|ARM.Build.0 = Release|Any CPU
		{D9159B9B-335E-4DF7-86A2-A02DBE40B0FD}.Release|ARM.Deploy.0 = Release|Any CPU
		{D9159B9B-335E-4DF7-86A2-A02DBE40B0FD}.Release|iPhone.ActiveCfg = Release|Any CPU
		{D9159B9B-335E-4DF7-86A2-A02DBE40B0FD}.Release|iPhone.Build.0 = Release|Any CPU
		{D9159B9B-335E-4DF7-86A2-A02DBE40B0FD}.Release|iPhone.Deploy.0 = Release|Any CPU
		{D9159B9B-335E-4DF7-86A2-A02DBE40B0FD}.Release|iPhoneSimulator.ActiveCfg = Release|Any CPU
		{D9159B9B-335E-4DF7-86A2-A02DBE40B0FD}.Release|iPhoneSimulator.Build.0 = Release|Any CPU
		{D9159B9B-335E-4DF7-86A2-A02DBE40B0FD}.Release|iPhoneSimulator.Deploy.0 = Release|Any CPU
		{D9159B9B-335E-4DF7-86A2-A02DBE40B0FD}.Release|x64.ActiveCfg = Release|Any CPU
		{D9159B9B-335E-4DF7-86A2-A02DBE40B0FD}.Release|x64.Build.0 = Release|Any CPU
		{D9159B9B-335E-4DF7-86A2-A02DBE40B0FD}.Release|x64.Deploy.0 = Release|Any CPU
		{D9159B9B-335E-4DF7-86A2-A02DBE40B0FD}.Release|x86.ActiveCfg = Release|Any CPU
		{D9159B9B-335E-4DF7-86A2-A02DBE40B0FD}.Release|x86.Build.0 = Release|Any CPU
		{D9159B9B-335E-4DF7-86A2-A02DBE40B0FD}.Release|x86.Deploy.0 = Release|Any CPU
		{ACC504AB-8096-47D5-9510-CCF877CA0292}.Ad-Hoc|Any CPU.ActiveCfg = Ad-Hoc|iPhone
		{ACC504AB-8096-47D5-9510-CCF877CA0292}.Ad-Hoc|ARM.ActiveCfg = Ad-Hoc|iPhone
		{ACC504AB-8096-47D5-9510-CCF877CA0292}.Ad-Hoc|iPhone.ActiveCfg = Ad-Hoc|iPhone
		{ACC504AB-8096-47D5-9510-CCF877CA0292}.Ad-Hoc|iPhone.Build.0 = Ad-Hoc|iPhone
		{ACC504AB-8096-47D5-9510-CCF877CA0292}.Ad-Hoc|iPhoneSimulator.ActiveCfg = Ad-Hoc|iPhoneSimulator
		{ACC504AB-8096-47D5-9510-CCF877CA0292}.Ad-Hoc|iPhoneSimulator.Build.0 = Ad-Hoc|iPhoneSimulator
		{ACC504AB-8096-47D5-9510-CCF877CA0292}.Ad-Hoc|x64.ActiveCfg = Ad-Hoc|iPhone
		{ACC504AB-8096-47D5-9510-CCF877CA0292}.Ad-Hoc|x86.ActiveCfg = Ad-Hoc|iPhone
		{ACC504AB-8096-47D5-9510-CCF877CA0292}.AppStore|Any CPU.ActiveCfg = AppStore|iPhone
		{ACC504AB-8096-47D5-9510-CCF877CA0292}.AppStore|ARM.ActiveCfg = AppStore|iPhone
		{ACC504AB-8096-47D5-9510-CCF877CA0292}.AppStore|iPhone.ActiveCfg = AppStore|iPhone
		{ACC504AB-8096-47D5-9510-CCF877CA0292}.AppStore|iPhone.Build.0 = AppStore|iPhone
		{ACC504AB-8096-47D5-9510-CCF877CA0292}.AppStore|iPhoneSimulator.ActiveCfg = AppStore|iPhoneSimulator
		{ACC504AB-8096-47D5-9510-CCF877CA0292}.AppStore|iPhoneSimulator.Build.0 = AppStore|iPhoneSimulator
		{ACC504AB-8096-47D5-9510-CCF877CA0292}.AppStore|x64.ActiveCfg = AppStore|iPhone
		{ACC504AB-8096-47D5-9510-CCF877CA0292}.AppStore|x86.ActiveCfg = AppStore|iPhone
		{ACC504AB-8096-47D5-9510-CCF877CA0292}.Debug|Any CPU.ActiveCfg = Debug|iPhone
		{ACC504AB-8096-47D5-9510-CCF877CA0292}.Debug|ARM.ActiveCfg = Debug|iPhone
		{ACC504AB-8096-47D5-9510-CCF877CA0292}.Debug|iPhone.ActiveCfg = Debug|iPhone
		{ACC504AB-8096-47D5-9510-CCF877CA0292}.Debug|iPhone.Build.0 = Debug|iPhone
		{ACC504AB-8096-47D5-9510-CCF877CA0292}.Debug|iPhoneSimulator.ActiveCfg = Debug|iPhoneSimulator
		{ACC504AB-8096-47D5-9510-CCF877CA0292}.Debug|iPhoneSimulator.Build.0 = Debug|iPhoneSimulator
		{ACC504AB-8096-47D5-9510-CCF877CA0292}.Debug|x64.ActiveCfg = Debug|iPhone
		{ACC504AB-8096-47D5-9510-CCF877CA0292}.Debug|x86.ActiveCfg = Debug|iPhone
		{ACC504AB-8096-47D5-9510-CCF877CA0292}.Release|Any CPU.ActiveCfg = Release|iPhone
		{ACC504AB-8096-47D5-9510-CCF877CA0292}.Release|ARM.ActiveCfg = Release|iPhone
		{ACC504AB-8096-47D5-9510-CCF877CA0292}.Release|iPhone.ActiveCfg = Release|iPhone
		{ACC504AB-8096-47D5-9510-CCF877CA0292}.Release|iPhone.Build.0 = Release|iPhone
		{ACC504AB-8096-47D5-9510-CCF877CA0292}.Release|iPhoneSimulator.ActiveCfg = Release|iPhoneSimulator
		{ACC504AB-8096-47D5-9510-CCF877CA0292}.Release|iPhoneSimulator.Build.0 = Release|iPhoneSimulator
		{ACC504AB-8096-47D5-9510-CCF877CA0292}.Release|x64.ActiveCfg = Release|iPhone
		{ACC504AB-8096-47D5-9510-CCF877CA0292}.Release|x86.ActiveCfg = Release|iPhone
	EndGlobalSection
	GlobalSection(SolutionProperties) = preSolution
		HideSolutionNode = FALSE
	EndGlobalSection
EndGlobal
